// !$*UTF8*$!
{
	archiveVersion = 1;
	classes = {
	};
	objectVersion = 50;
	objects = {

/* Begin PBXBuildFile section */
		2CB8F888244D0FBB0D9D7875 /* Pods_parsegram.framework in Frameworks */ = {isa = PBXBuildFile; fileRef = BFF21B37FCA700FF42316D8C /* Pods_parsegram.framework */; };
		A3E60B7A1C5067DED42775B2 /* Pods_parsegramTests.framework in Frameworks */ = {isa = PBXBuildFile; fileRef = E40BC0B5613FDEEF78F7F229 /* Pods_parsegramTests.framework */; };
		BAACEF33225BE696005B81CA /* LoginViewController.swift in Sources */ = {isa = PBXBuildFile; fileRef = BAACEF32225BE696005B81CA /* LoginViewController.swift */; };
		BAACEF35225BE6AA005B81CA /* FeedViewController.swift in Sources */ = {isa = PBXBuildFile; fileRef = BAACEF34225BE6AA005B81CA /* FeedViewController.swift */; };
		BAACEF37225C484A005B81CA /* CameraViewController.swift in Sources */ = {isa = PBXBuildFile; fileRef = BAACEF36225C484A005B81CA /* CameraViewController.swift */; };
		BAACEF39225C52A8005B81CA /* PostCell.swift in Sources */ = {isa = PBXBuildFile; fileRef = BAACEF38225C52A8005B81CA /* PostCell.swift */; };
		BAF2DF13225B0A5A006EF79C /* AppDelegate.swift in Sources */ = {isa = PBXBuildFile; fileRef = BAF2DF12225B0A5A006EF79C /* AppDelegate.swift */; };
		BAF2DF18225B0A5A006EF79C /* Main.storyboard in Resources */ = {isa = PBXBuildFile; fileRef = BAF2DF16225B0A5A006EF79C /* Main.storyboard */; };
		BAF2DF1A225B0A5C006EF79C /* Assets.xcassets in Resources */ = {isa = PBXBuildFile; fileRef = BAF2DF19225B0A5C006EF79C /* Assets.xcassets */; };
		BAF2DF1D225B0A5C006EF79C /* LaunchScreen.storyboard in Resources */ = {isa = PBXBuildFile; fileRef = BAF2DF1B225B0A5C006EF79C /* LaunchScreen.storyboard */; };
		BAF2DF28225B0A5C006EF79C /* parsegramTests.swift in Sources */ = {isa = PBXBuildFile; fileRef = BAF2DF27225B0A5C006EF79C /* parsegramTests.swift */; };
		BAF2DF33225B0A5C006EF79C /* parsegramUITests.swift in Sources */ = {isa = PBXBuildFile; fileRef = BAF2DF32225B0A5C006EF79C /* parsegramUITests.swift */; };
		CC6C0EDE3FE7846A53DA0E72 /* Pods_parsegramUITests.framework in Frameworks */ = {isa = PBXBuildFile; fileRef = B8390A8AD55AF1A022BCB9E5 /* Pods_parsegramUITests.framework */; };
/* End PBXBuildFile section */

/* Begin PBXContainerItemProxy section */
		BAF2DF24225B0A5C006EF79C /* PBXContainerItemProxy */ = {
			isa = PBXContainerItemProxy;
			containerPortal = BAF2DF07225B0A5A006EF79C /* Project object */;
			proxyType = 1;
			remoteGlobalIDString = BAF2DF0E225B0A5A006EF79C;
			remoteInfo = parsegram;
		};
		BAF2DF2F225B0A5C006EF79C /* PBXContainerItemProxy */ = {
			isa = PBXContainerItemProxy;
			containerPortal = BAF2DF07225B0A5A006EF79C /* Project object */;
			proxyType = 1;
			remoteGlobalIDString = BAF2DF0E225B0A5A006EF79C;
			remoteInfo = parsegram;
		};
/* End PBXContainerItemProxy section */

/* Begin PBXFileReference section */
		0C8049635FE58201055791A8 /* Pods-parsegramUITests.release.xcconfig */ = {isa = PBXFileReference; includeInIndex = 1; lastKnownFileType = text.xcconfig; name = "Pods-parsegramUITests.release.xcconfig"; path = "Target Support Files/Pods-parsegramUITests/Pods-parsegramUITests.release.xcconfig"; sourceTree = "<group>"; };
		89002E3F3D638B3A0CEF1ABA /* Pods-parsegramTests.debug.xcconfig */ = {isa = PBXFileReference; includeInIndex = 1; lastKnownFileType = text.xcconfig; name = "Pods-parsegramTests.debug.xcconfig"; path = "Target Support Files/Pods-parsegramTests/Pods-parsegramTests.debug.xcconfig"; sourceTree = "<group>"; };
		92C864A53D89CE5D65DCB9D7 /* Pods-parsegramTests.release.xcconfig */ = {isa = PBXFileReference; includeInIndex = 1; lastKnownFileType = text.xcconfig; name = "Pods-parsegramTests.release.xcconfig"; path = "Target Support Files/Pods-parsegramTests/Pods-parsegramTests.release.xcconfig"; sourceTree = "<group>"; };
		B8390A8AD55AF1A022BCB9E5 /* Pods_parsegramUITests.framework */ = {isa = PBXFileReference; explicitFileType = wrapper.framework; includeInIndex = 0; path = Pods_parsegramUITests.framework; sourceTree = BUILT_PRODUCTS_DIR; };
		BAACEF32225BE696005B81CA /* LoginViewController.swift */ = {isa = PBXFileReference; lastKnownFileType = sourcecode.swift; path = LoginViewController.swift; sourceTree = "<group>"; };
		BAACEF34225BE6AA005B81CA /* FeedViewController.swift */ = {isa = PBXFileReference; lastKnownFileType = sourcecode.swift; path = FeedViewController.swift; sourceTree = "<group>"; };
		BAACEF36225C484A005B81CA /* CameraViewController.swift */ = {isa = PBXFileReference; lastKnownFileType = sourcecode.swift; path = CameraViewController.swift; sourceTree = "<group>"; };
		BAACEF38225C52A8005B81CA /* PostCell.swift */ = {isa = PBXFileReference; lastKnownFileType = sourcecode.swift; path = PostCell.swift; sourceTree = "<group>"; };
		BAF2DF0F225B0A5A006EF79C /* parsegram.app */ = {isa = PBXFileReference; explicitFileType = wrapper.application; includeInIndex = 0; path = parsegram.app; sourceTree = BUILT_PRODUCTS_DIR; };
		BAF2DF12225B0A5A006EF79C /* AppDelegate.swift */ = {isa = PBXFileReference; lastKnownFileType = sourcecode.swift; path = AppDelegate.swift; sourceTree = "<group>"; };
		BAF2DF17225B0A5A006EF79C /* Base */ = {isa = PBXFileReference; lastKnownFileType = file.storyboard; name = Base; path = Base.lproj/Main.storyboard; sourceTree = "<group>"; };
		BAF2DF19225B0A5C006EF79C /* Assets.xcassets */ = {isa = PBXFileReference; lastKnownFileType = folder.assetcatalog; path = Assets.xcassets; sourceTree = "<group>"; };
		BAF2DF1C225B0A5C006EF79C /* Base */ = {isa = PBXFileReference; lastKnownFileType = file.storyboard; name = Base; path = Base.lproj/LaunchScreen.storyboard; sourceTree = "<group>"; };
		BAF2DF1E225B0A5C006EF79C /* Info.plist */ = {isa = PBXFileReference; lastKnownFileType = text.plist.xml; path = Info.plist; sourceTree = "<group>"; };
		BAF2DF23225B0A5C006EF79C /* parsegramTests.xctest */ = {isa = PBXFileReference; explicitFileType = wrapper.cfbundle; includeInIndex = 0; path = parsegramTests.xctest; sourceTree = BUILT_PRODUCTS_DIR; };
		BAF2DF27225B0A5C006EF79C /* parsegramTests.swift */ = {isa = PBXFileReference; lastKnownFileType = sourcecode.swift; path = parsegramTests.swift; sourceTree = "<group>"; };
		BAF2DF29225B0A5C006EF79C /* Info.plist */ = {isa = PBXFileReference; lastKnownFileType = text.plist.xml; path = Info.plist; sourceTree = "<group>"; };
		BAF2DF2E225B0A5C006EF79C /* parsegramUITests.xctest */ = {isa = PBXFileReference; explicitFileType = wrapper.cfbundle; includeInIndex = 0; path = parsegramUITests.xctest; sourceTree = BUILT_PRODUCTS_DIR; };
		BAF2DF32225B0A5C006EF79C /* parsegramUITests.swift */ = {isa = PBXFileReference; lastKnownFileType = sourcecode.swift; path = parsegramUITests.swift; sourceTree = "<group>"; };
		BAF2DF34225B0A5C006EF79C /* Info.plist */ = {isa = PBXFileReference; lastKnownFileType = text.plist.xml; path = Info.plist; sourceTree = "<group>"; };
		BFF21B37FCA700FF42316D8C /* Pods_parsegram.framework */ = {isa = PBXFileReference; explicitFileType = wrapper.framework; includeInIndex = 0; path = Pods_parsegram.framework; sourceTree = BUILT_PRODUCTS_DIR; };
		C80F614DBF8FDC01360F9F20 /* Pods-parsegram.debug.xcconfig */ = {isa = PBXFileReference; includeInIndex = 1; lastKnownFileType = text.xcconfig; name = "Pods-parsegram.debug.xcconfig"; path = "Target Support Files/Pods-parsegram/Pods-parsegram.debug.xcconfig"; sourceTree = "<group>"; };
		D50A302490177840D970F9E0 /* Pods-parsegramUITests.debug.xcconfig */ = {isa = PBXFileReference; includeInIndex = 1; lastKnownFileType = text.xcconfig; name = "Pods-parsegramUITests.debug.xcconfig"; path = "Target Support Files/Pods-parsegramUITests/Pods-parsegramUITests.debug.xcconfig"; sourceTree = "<group>"; };
		E40BC0B5613FDEEF78F7F229 /* Pods_parsegramTests.framework */ = {isa = PBXFileReference; explicitFileType = wrapper.framework; includeInIndex = 0; path = Pods_parsegramTests.framework; sourceTree = BUILT_PRODUCTS_DIR; };
		E9AD65409A46691D7E65DA8A /* Pods-parsegram.release.xcconfig */ = {isa = PBXFileReference; includeInIndex = 1; lastKnownFileType = text.xcconfig; name = "Pods-parsegram.release.xcconfig"; path = "Target Support Files/Pods-parsegram/Pods-parsegram.release.xcconfig"; sourceTree = "<group>"; };
/* End PBXFileReference section */

/* Begin PBXFrameworksBuildPhase section */
		BAF2DF0C225B0A5A006EF79C /* Frameworks */ = {
			isa = PBXFrameworksBuildPhase;
			buildActionMask = 2147483647;
			files = (
				2CB8F888244D0FBB0D9D7875 /* Pods_parsegram.framework in Frameworks */,
			);
			runOnlyForDeploymentPostprocessing = 0;
		};
		BAF2DF20225B0A5C006EF79C /* Frameworks */ = {
			isa = PBXFrameworksBuildPhase;
			buildActionMask = 2147483647;
			files = (
				A3E60B7A1C5067DED42775B2 /* Pods_parsegramTests.framework in Frameworks */,
			);
			runOnlyForDeploymentPostprocessing = 0;
		};
		BAF2DF2B225B0A5C006EF79C /* Frameworks */ = {
			isa = PBXFrameworksBuildPhase;
			buildActionMask = 2147483647;
			files = (
				CC6C0EDE3FE7846A53DA0E72 /* Pods_parsegramUITests.framework in Frameworks */,
			);
			runOnlyForDeploymentPostprocessing = 0;
		};
/* End PBXFrameworksBuildPhase section */

/* Begin PBXGroup section */
		18EAA89BDC48520BD46050C0 /* Frameworks */ = {
			isa = PBXGroup;
			children = (
				BFF21B37FCA700FF42316D8C /* Pods_parsegram.framework */,
				E40BC0B5613FDEEF78F7F229 /* Pods_parsegramTests.framework */,
				B8390A8AD55AF1A022BCB9E5 /* Pods_parsegramUITests.framework */,
			);
			name = Frameworks;
			sourceTree = "<group>";
		};
		847BDE1D01E3B8FB919B8B8B /* Pods */ = {
			isa = PBXGroup;
			children = (
				C80F614DBF8FDC01360F9F20 /* Pods-parsegram.debug.xcconfig */,
				E9AD65409A46691D7E65DA8A /* Pods-parsegram.release.xcconfig */,
				89002E3F3D638B3A0CEF1ABA /* Pods-parsegramTests.debug.xcconfig */,
				92C864A53D89CE5D65DCB9D7 /* Pods-parsegramTests.release.xcconfig */,
				D50A302490177840D970F9E0 /* Pods-parsegramUITests.debug.xcconfig */,
				0C8049635FE58201055791A8 /* Pods-parsegramUITests.release.xcconfig */,
			);
			path = Pods;
			sourceTree = "<group>";
		};
		BAF2DF06225B0A5A006EF79C = {
			isa = PBXGroup;
			children = (
				BAF2DF11225B0A5A006EF79C /* parsegram */,
				BAF2DF26225B0A5C006EF79C /* parsegramTests */,
				BAF2DF31225B0A5C006EF79C /* parsegramUITests */,
				BAF2DF10225B0A5A006EF79C /* Products */,
				847BDE1D01E3B8FB919B8B8B /* Pods */,
				18EAA89BDC48520BD46050C0 /* Frameworks */,
			);
			sourceTree = "<group>";
		};
		BAF2DF10225B0A5A006EF79C /* Products */ = {
			isa = PBXGroup;
			children = (
				BAF2DF0F225B0A5A006EF79C /* parsegram.app */,
				BAF2DF23225B0A5C006EF79C /* parsegramTests.xctest */,
				BAF2DF2E225B0A5C006EF79C /* parsegramUITests.xctest */,
			);
			name = Products;
			sourceTree = "<group>";
		};
		BAF2DF11225B0A5A006EF79C /* parsegram */ = {
			isa = PBXGroup;
			children = (
				BAF2DF12225B0A5A006EF79C /* AppDelegate.swift */,
				BAF2DF16225B0A5A006EF79C /* Main.storyboard */,
				BAF2DF19225B0A5C006EF79C /* Assets.xcassets */,
				BAF2DF1B225B0A5C006EF79C /* LaunchScreen.storyboard */,
				BAF2DF1E225B0A5C006EF79C /* Info.plist */,
				BAACEF32225BE696005B81CA /* LoginViewController.swift */,
				BAACEF34225BE6AA005B81CA /* FeedViewController.swift */,
				BAACEF36225C484A005B81CA /* CameraViewController.swift */,
				BAACEF38225C52A8005B81CA /* PostCell.swift */,
			);
			path = parsegram;
			sourceTree = "<group>";
		};
		BAF2DF26225B0A5C006EF79C /* parsegramTests */ = {
			isa = PBXGroup;
			children = (
				BAF2DF27225B0A5C006EF79C /* parsegramTests.swift */,
				BAF2DF29225B0A5C006EF79C /* Info.plist */,
			);
			path = parsegramTests;
			sourceTree = "<group>";
		};
		BAF2DF31225B0A5C006EF79C /* parsegramUITests */ = {
			isa = PBXGroup;
			children = (
				BAF2DF32225B0A5C006EF79C /* parsegramUITests.swift */,
				BAF2DF34225B0A5C006EF79C /* Info.plist */,
			);
			path = parsegramUITests;
			sourceTree = "<group>";
		};
/* End PBXGroup section */

/* Begin PBXNativeTarget section */
		BAF2DF0E225B0A5A006EF79C /* parsegram */ = {
			isa = PBXNativeTarget;
			buildConfigurationList = BAF2DF37225B0A5C006EF79C /* Build configuration list for PBXNativeTarget "parsegram" */;
			buildPhases = (
				28AB4144CFB8932ECF84E40F /* [CP] Check Pods Manifest.lock */,
				BAF2DF0B225B0A5A006EF79C /* Sources */,
				BAF2DF0C225B0A5A006EF79C /* Frameworks */,
				BAF2DF0D225B0A5A006EF79C /* Resources */,
				8371EB49A8C98C16355BDAE7 /* [CP] Embed Pods Frameworks */,
			);
			buildRules = (
			);
			dependencies = (
			);
			name = parsegram;
			productName = parsegram;
			productReference = BAF2DF0F225B0A5A006EF79C /* parsegram.app */;
			productType = "com.apple.product-type.application";
		};
		BAF2DF22225B0A5C006EF79C /* parsegramTests */ = {
			isa = PBXNativeTarget;
			buildConfigurationList = BAF2DF3A225B0A5C006EF79C /* Build configuration list for PBXNativeTarget "parsegramTests" */;
			buildPhases = (
				8E00A5812737A142021FE967 /* [CP] Check Pods Manifest.lock */,
				BAF2DF1F225B0A5C006EF79C /* Sources */,
				BAF2DF20225B0A5C006EF79C /* Frameworks */,
				BAF2DF21225B0A5C006EF79C /* Resources */,
			);
			buildRules = (
			);
			dependencies = (
				BAF2DF25225B0A5C006EF79C /* PBXTargetDependency */,
			);
			name = parsegramTests;
			productName = parsegramTests;
			productReference = BAF2DF23225B0A5C006EF79C /* parsegramTests.xctest */;
			productType = "com.apple.product-type.bundle.unit-test";
		};
		BAF2DF2D225B0A5C006EF79C /* parsegramUITests */ = {
			isa = PBXNativeTarget;
			buildConfigurationList = BAF2DF3D225B0A5C006EF79C /* Build configuration list for PBXNativeTarget "parsegramUITests" */;
			buildPhases = (
				8DB1D3ADCD61AA0722BA47D8 /* [CP] Check Pods Manifest.lock */,
				BAF2DF2A225B0A5C006EF79C /* Sources */,
				BAF2DF2B225B0A5C006EF79C /* Frameworks */,
				BAF2DF2C225B0A5C006EF79C /* Resources */,
			);
			buildRules = (
			);
			dependencies = (
				BAF2DF30225B0A5C006EF79C /* PBXTargetDependency */,
			);
			name = parsegramUITests;
			productName = parsegramUITests;
			productReference = BAF2DF2E225B0A5C006EF79C /* parsegramUITests.xctest */;
			productType = "com.apple.product-type.bundle.ui-testing";
		};
/* End PBXNativeTarget section */

/* Begin PBXProject section */
		BAF2DF07225B0A5A006EF79C /* Project object */ = {
			isa = PBXProject;
			attributes = {
				LastSwiftUpdateCheck = 1010;
				LastUpgradeCheck = 1010;
				ORGANIZATIONNAME = debbienvo;
				TargetAttributes = {
					BAF2DF0E225B0A5A006EF79C = {
						CreatedOnToolsVersion = 10.1;
					};
					BAF2DF22225B0A5C006EF79C = {
						CreatedOnToolsVersion = 10.1;
						TestTargetID = BAF2DF0E225B0A5A006EF79C;
					};
					BAF2DF2D225B0A5C006EF79C = {
						CreatedOnToolsVersion = 10.1;
						TestTargetID = BAF2DF0E225B0A5A006EF79C;
					};
				};
			};
			buildConfigurationList = BAF2DF0A225B0A5A006EF79C /* Build configuration list for PBXProject "parsegram" */;
			compatibilityVersion = "Xcode 9.3";
			developmentRegion = en;
			hasScannedForEncodings = 0;
			knownRegions = (
				en,
				Base,
			);
			mainGroup = BAF2DF06225B0A5A006EF79C;
			productRefGroup = BAF2DF10225B0A5A006EF79C /* Products */;
			projectDirPath = "";
			projectRoot = "";
			targets = (
				BAF2DF0E225B0A5A006EF79C /* parsegram */,
				BAF2DF22225B0A5C006EF79C /* parsegramTests */,
				BAF2DF2D225B0A5C006EF79C /* parsegramUITests */,
			);
		};
/* End PBXProject section */

/* Begin PBXResourcesBuildPhase section */
		BAF2DF0D225B0A5A006EF79C /* Resources */ = {
			isa = PBXResourcesBuildPhase;
			buildActionMask = 2147483647;
			files = (
				BAF2DF1D225B0A5C006EF79C /* LaunchScreen.storyboard in Resources */,
				BAF2DF1A225B0A5C006EF79C /* Assets.xcassets in Resources */,
				BAF2DF18225B0A5A006EF79C /* Main.storyboard in Resources */,
			);
			runOnlyForDeploymentPostprocessing = 0;
		};
		BAF2DF21225B0A5C006EF79C /* Resources */ = {
			isa = PBXResourcesBuildPhase;
			buildActionMask = 2147483647;
			files = (
			);
			runOnlyForDeploymentPostprocessing = 0;
		};
		BAF2DF2C225B0A5C006EF79C /* Resources */ = {
			isa = PBXResourcesBuildPhase;
			buildActionMask = 2147483647;
			files = (
			);
			runOnlyForDeploymentPostprocessing = 0;
		};
/* End PBXResourcesBuildPhase section */

/* Begin PBXShellScriptBuildPhase section */
		28AB4144CFB8932ECF84E40F /* [CP] Check Pods Manifest.lock */ = {
			isa = PBXShellScriptBuildPhase;
			buildActionMask = 2147483647;
			files = (
			);
			inputFileListPaths = (
			);
			inputPaths = (
				"${PODS_PODFILE_DIR_PATH}/Podfile.lock",
				"${PODS_ROOT}/Manifest.lock",
			);
			name = "[CP] Check Pods Manifest.lock";
			outputFileListPaths = (
			);
			outputPaths = (
				"$(DERIVED_FILE_DIR)/Pods-parsegram-checkManifestLockResult.txt",
			);
			runOnlyForDeploymentPostprocessing = 0;
			shellPath = /bin/sh;
			shellScript = "diff \"${PODS_PODFILE_DIR_PATH}/Podfile.lock\" \"${PODS_ROOT}/Manifest.lock\" > /dev/null\nif [ $? != 0 ] ; then\n    # print error to STDERR\n    echo \"error: The sandbox is not in sync with the Podfile.lock. Run 'pod install' or update your CocoaPods installation.\" >&2\n    exit 1\nfi\n# This output is used by Xcode 'outputs' to avoid re-running this script phase.\necho \"SUCCESS\" > \"${SCRIPT_OUTPUT_FILE_0}\"\n";
			showEnvVarsInLog = 0;
		};
		8371EB49A8C98C16355BDAE7 /* [CP] Embed Pods Frameworks */ = {
			isa = PBXShellScriptBuildPhase;
			buildActionMask = 2147483647;
			files = (
			);
			inputFileListPaths = (
			);
			inputPaths = (
				"${PODS_ROOT}/Target Support Files/Pods-parsegram/Pods-parsegram-frameworks.sh",
				"${BUILT_PRODUCTS_DIR}/Alamofire/Alamofire.framework",
				"${BUILT_PRODUCTS_DIR}/AlamofireImage/AlamofireImage.framework",
				"${BUILT_PRODUCTS_DIR}/Bolts/Bolts.framework",
				"${BUILT_PRODUCTS_DIR}/Parse/Parse.framework",
			);
			name = "[CP] Embed Pods Frameworks";
			outputFileListPaths = (
			);
			outputPaths = (
				"${TARGET_BUILD_DIR}/${FRAMEWORKS_FOLDER_PATH}/Alamofire.framework",
				"${TARGET_BUILD_DIR}/${FRAMEWORKS_FOLDER_PATH}/AlamofireImage.framework",
				"${TARGET_BUILD_DIR}/${FRAMEWORKS_FOLDER_PATH}/Bolts.framework",
				"${TARGET_BUILD_DIR}/${FRAMEWORKS_FOLDER_PATH}/Parse.framework",
			);
			runOnlyForDeploymentPostprocessing = 0;
			shellPath = /bin/sh;
			shellScript = "\"${PODS_ROOT}/Target Support Files/Pods-parsegram/Pods-parsegram-frameworks.sh\"\n";
			showEnvVarsInLog = 0;
		};
		8DB1D3ADCD61AA0722BA47D8 /* [CP] Check Pods Manifest.lock */ = {
			isa = PBXShellScriptBuildPhase;
			buildActionMask = 2147483647;
			files = (
			);
			inputFileListPaths = (
			);
			inputPaths = (
				"${PODS_PODFILE_DIR_PATH}/Podfile.lock",
				"${PODS_ROOT}/Manifest.lock",
			);
			name = "[CP] Check Pods Manifest.lock";
			outputFileListPaths = (
			);
			outputPaths = (
				"$(DERIVED_FILE_DIR)/Pods-parsegramUITests-checkManifestLockResult.txt",
			);
			runOnlyForDeploymentPostprocessing = 0;
			shellPath = /bin/sh;
			shellScript = "diff \"${PODS_PODFILE_DIR_PATH}/Podfile.lock\" \"${PODS_ROOT}/Manifest.lock\" > /dev/null\nif [ $? != 0 ] ; then\n    # print error to STDERR\n    echo \"error: The sandbox is not in sync with the Podfile.lock. Run 'pod install' or update your CocoaPods installation.\" >&2\n    exit 1\nfi\n# This output is used by Xcode 'outputs' to avoid re-running this script phase.\necho \"SUCCESS\" > \"${SCRIPT_OUTPUT_FILE_0}\"\n";
			showEnvVarsInLog = 0;
		};
		8E00A5812737A142021FE967 /* [CP] Check Pods Manifest.lock */ = {
			isa = PBXShellScriptBuildPhase;
			buildActionMask = 2147483647;
			files = (
			);
			inputFileListPaths = (
			);
			inputPaths = (
				"${PODS_PODFILE_DIR_PATH}/Podfile.lock",
				"${PODS_ROOT}/Manifest.lock",
			);
			name = "[CP] Check Pods Manifest.lock";
			outputFileListPaths = (
			);
			outputPaths = (
				"$(DERIVED_FILE_DIR)/Pods-parsegramTests-checkManifestLockResult.txt",
			);
			runOnlyForDeploymentPostprocessing = 0;
			shellPath = /bin/sh;
			shellScript = "diff \"${PODS_PODFILE_DIR_PATH}/Podfile.lock\" \"${PODS_ROOT}/Manifest.lock\" > /dev/null\nif [ $? != 0 ] ; then\n    # print error to STDERR\n    echo \"error: The sandbox is not in sync with the Podfile.lock. Run 'pod install' or update your CocoaPods installation.\" >&2\n    exit 1\nfi\n# This output is used by Xcode 'outputs' to avoid re-running this script phase.\necho \"SUCCESS\" > \"${SCRIPT_OUTPUT_FILE_0}\"\n";
			showEnvVarsInLog = 0;
		};
/* End PBXShellScriptBuildPhase section */

/* Begin PBXSourcesBuildPhase section */
		BAF2DF0B225B0A5A006EF79C /* Sources */ = {
			isa = PBXSourcesBuildPhase;
			buildActionMask = 2147483647;
			files = (
				BAACEF33225BE696005B81CA /* LoginViewController.swift in Sources */,
				BAACEF37225C484A005B81CA /* CameraViewController.swift in Sources */,
				BAACEF35225BE6AA005B81CA /* FeedViewController.swift in Sources */,
				BAF2DF13225B0A5A006EF79C /* AppDelegate.swift in Sources */,
				BAACEF39225C52A8005B81CA /* PostCell.swift in Sources */,
			);
			runOnlyForDeploymentPostprocessing = 0;
		};
		BAF2DF1F225B0A5C006EF79C /* Sources */ = {
			isa = PBXSourcesBuildPhase;
			buildActionMask = 2147483647;
			files = (
				BAF2DF28225B0A5C006EF79C /* parsegramTests.swift in Sources */,
			);
			runOnlyForDeploymentPostprocessing = 0;
		};
		BAF2DF2A225B0A5C006EF79C /* Sources */ = {
			isa = PBXSourcesBuildPhase;
			buildActionMask = 2147483647;
			files = (
				BAF2DF33225B0A5C006EF79C /* parsegramUITests.swift in Sources */,
			);
			runOnlyForDeploymentPostprocessing = 0;
		};
/* End PBXSourcesBuildPhase section */

/* Begin PBXTargetDependency section */
		BAF2DF25225B0A5C006EF79C /* PBXTargetDependency */ = {
			isa = PBXTargetDependency;
			target = BAF2DF0E225B0A5A006EF79C /* parsegram */;
			targetProxy = BAF2DF24225B0A5C006EF79C /* PBXContainerItemProxy */;
		};
		BAF2DF30225B0A5C006EF79C /* PBXTargetDependency */ = {
			isa = PBXTargetDependency;
			target = BAF2DF0E225B0A5A006EF79C /* parsegram */;
			targetProxy = BAF2DF2F225B0A5C006EF79C /* PBXContainerItemProxy */;
		};
/* End PBXTargetDependency section */

/* Begin PBXVariantGroup section */
		BAF2DF16225B0A5A006EF79C /* Main.storyboard */ = {
			isa = PBXVariantGroup;
			children = (
				BAF2DF17225B0A5A006EF79C /* Base */,
			);
			name = Main.storyboard;
			sourceTree = "<group>";
		};
		BAF2DF1B225B0A5C006EF79C /* LaunchScreen.storyboard */ = {
			isa = PBXVariantGroup;
			children = (
				BAF2DF1C225B0A5C006EF79C /* Base */,
			);
			name = LaunchScreen.storyboard;
			sourceTree = "<group>";
		};
/* End PBXVariantGroup section */

/* Begin XCBuildConfiguration section */
		BAF2DF35225B0A5C006EF79C /* Debug */ = {
			isa = XCBuildConfiguration;
			buildSettings = {
				ALWAYS_SEARCH_USER_PATHS = NO;
				CLANG_ANALYZER_NONNULL = YES;
				CLANG_ANALYZER_NUMBER_OBJECT_CONVERSION = YES_AGGRESSIVE;
				CLANG_CXX_LANGUAGE_STANDARD = "gnu++14";
				CLANG_CXX_LIBRARY = "libc++";
				CLANG_ENABLE_MODULES = YES;
				CLANG_ENABLE_OBJC_ARC = YES;
				CLANG_ENABLE_OBJC_WEAK = YES;
				CLANG_WARN_BLOCK_CAPTURE_AUTORELEASING = YES;
				CLANG_WARN_BOOL_CONVERSION = YES;
				CLANG_WARN_COMMA = YES;
				CLANG_WARN_CONSTANT_CONVERSION = YES;
				CLANG_WARN_DEPRECATED_OBJC_IMPLEMENTATIONS = YES;
				CLANG_WARN_DIRECT_OBJC_ISA_USAGE = YES_ERROR;
				CLANG_WARN_DOCUMENTATION_COMMENTS = YES;
				CLANG_WARN_EMPTY_BODY = YES;
				CLANG_WARN_ENUM_CONVERSION = YES;
				CLANG_WARN_INFINITE_RECURSION = YES;
				CLANG_WARN_INT_CONVERSION = YES;
				CLANG_WARN_NON_LITERAL_NULL_CONVERSION = YES;
				CLANG_WARN_OBJC_IMPLICIT_RETAIN_SELF = YES;
				CLANG_WARN_OBJC_LITERAL_CONVERSION = YES;
				CLANG_WARN_OBJC_ROOT_CLASS = YES_ERROR;
				CLANG_WARN_RANGE_LOOP_ANALYSIS = YES;
				CLANG_WARN_STRICT_PROTOTYPES = YES;
				CLANG_WARN_SUSPICIOUS_MOVE = YES;
				CLANG_WARN_UNGUARDED_AVAILABILITY = YES_AGGRESSIVE;
				CLANG_WARN_UNREACHABLE_CODE = YES;
				CLANG_WARN__DUPLICATE_METHOD_MATCH = YES;
				CODE_SIGN_IDENTITY = "iPhone Developer";
				COPY_PHASE_STRIP = NO;
				DEBUG_INFORMATION_FORMAT = dwarf;
				ENABLE_STRICT_OBJC_MSGSEND = YES;
				ENABLE_TESTABILITY = YES;
				GCC_C_LANGUAGE_STANDARD = gnu11;
				GCC_DYNAMIC_NO_PIC = NO;
				GCC_NO_COMMON_BLOCKS = YES;
				GCC_OPTIMIZATION_LEVEL = 0;
				GCC_PREPROCESSOR_DEFINITIONS = (
					"DEBUG=1",
					"$(inherited)",
				);
				GCC_WARN_64_TO_32_BIT_CONVERSION = YES;
				GCC_WARN_ABOUT_RETURN_TYPE = YES_ERROR;
				GCC_WARN_UNDECLARED_SELECTOR = YES;
				GCC_WARN_UNINITIALIZED_AUTOS = YES_AGGRESSIVE;
				GCC_WARN_UNUSED_FUNCTION = YES;
				GCC_WARN_UNUSED_VARIABLE = YES;
				IPHONEOS_DEPLOYMENT_TARGET = 12.1;
				MTL_ENABLE_DEBUG_INFO = INCLUDE_SOURCE;
				MTL_FAST_MATH = YES;
				ONLY_ACTIVE_ARCH = YES;
				SDKROOT = iphoneos;
				SWIFT_ACTIVE_COMPILATION_CONDITIONS = DEBUG;
				SWIFT_OPTIMIZATION_LEVEL = "-Onone";
			};
			name = Debug;
		};
		BAF2DF36225B0A5C006EF79C /* Release */ = {
			isa = XCBuildConfiguration;
			buildSettings = {
				ALWAYS_SEARCH_USER_PATHS = NO;
				CLANG_ANALYZER_NONNULL = YES;
				CLANG_ANALYZER_NUMBER_OBJECT_CONVERSION = YES_AGGRESSIVE;
				CLANG_CXX_LANGUAGE_STANDARD = "gnu++14";
				CLANG_CXX_LIBRARY = "libc++";
				CLANG_ENABLE_MODULES = YES;
				CLANG_ENABLE_OBJC_ARC = YES;
				CLANG_ENABLE_OBJC_WEAK = YES;
				CLANG_WARN_BLOCK_CAPTURE_AUTORELEASING = YES;
				CLANG_WARN_BOOL_CONVERSION = YES;
				CLANG_WARN_COMMA = YES;
				CLANG_WARN_CONSTANT_CONVERSION = YES;
				CLANG_WARN_DEPRECATED_OBJC_IMPLEMENTATIONS = YES;
				CLANG_WARN_DIRECT_OBJC_ISA_USAGE = YES_ERROR;
				CLANG_WARN_DOCUMENTATION_COMMENTS = YES;
				CLANG_WARN_EMPTY_BODY = YES;
				CLANG_WARN_ENUM_CONVERSION = YES;
				CLANG_WARN_INFINITE_RECURSION = YES;
				CLANG_WARN_INT_CONVERSION = YES;
				CLANG_WARN_NON_LITERAL_NULL_CONVERSION = YES;
				CLANG_WARN_OBJC_IMPLICIT_RETAIN_SELF = YES;
				CLANG_WARN_OBJC_LITERAL_CONVERSION = YES;
				CLANG_WARN_OBJC_ROOT_CLASS = YES_ERROR;
				CLANG_WARN_RANGE_LOOP_ANALYSIS = YES;
				CLANG_WARN_STRICT_PROTOTYPES = YES;
				CLANG_WARN_SUSPICIOUS_MOVE = YES;
				CLANG_WARN_UNGUARDED_AVAILABILITY = YES_AGGRESSIVE;
				CLANG_WARN_UNREACHABLE_CODE = YES;
				CLANG_WARN__DUPLICATE_METHOD_MATCH = YES;
				CODE_SIGN_IDENTITY = "iPhone Developer";
				COPY_PHASE_STRIP = NO;
				DEBUG_INFORMATION_FORMAT = "dwarf-with-dsym";
				ENABLE_NS_ASSERTIONS = NO;
				ENABLE_STRICT_OBJC_MSGSEND = YES;
				GCC_C_LANGUAGE_STANDARD = gnu11;
				GCC_NO_COMMON_BLOCKS = YES;
				GCC_WARN_64_TO_32_BIT_CONVERSION = YES;
				GCC_WARN_ABOUT_RETURN_TYPE = YES_ERROR;
				GCC_WARN_UNDECLARED_SELECTOR = YES;
				GCC_WARN_UNINITIALIZED_AUTOS = YES_AGGRESSIVE;
				GCC_WARN_UNUSED_FUNCTION = YES;
				GCC_WARN_UNUSED_VARIABLE = YES;
				IPHONEOS_DEPLOYMENT_TARGET = 12.1;
				MTL_ENABLE_DEBUG_INFO = NO;
				MTL_FAST_MATH = YES;
				SDKROOT = iphoneos;
				SWIFT_COMPILATION_MODE = wholemodule;
				SWIFT_OPTIMIZATION_LEVEL = "-O";
				VALIDATE_PRODUCT = YES;
			};
			name = Release;
		};
		BAF2DF38225B0A5C006EF79C /* Debug */ = {
			isa = XCBuildConfiguration;
			baseConfigurationReference = C80F614DBF8FDC01360F9F20 /* Pods-parsegram.debug.xcconfig */;
			buildSettings = {
				ASSETCATALOG_COMPILER_APPICON_NAME = AppIcon;
				CODE_SIGN_STYLE = Automatic;
				INFOPLIST_FILE = parsegram/Info.plist;
				LD_RUNPATH_SEARCH_PATHS = (
					"$(inherited)",
					"@executable_path/Frameworks",
				);
				PRODUCT_BUNDLE_IDENTIFIER = com.codepath.parsegram;
				PRODUCT_NAME = "$(TARGET_NAME)";
				SWIFT_VERSION = 4.2;
				TARGETED_DEVICE_FAMILY = "1,2";
			};
			name = Debug;
		};
		BAF2DF39225B0A5C006EF79C /* Release */ = {
			isa = XCBuildConfiguration;
			baseConfigurationReference = E9AD65409A46691D7E65DA8A /* Pods-parsegram.release.xcconfig */;
			buildSettings = {
				ASSETCATALOG_COMPILER_APPICON_NAME = AppIcon;
				CODE_SIGN_STYLE = Automatic;
				INFOPLIST_FILE = parsegram/Info.plist;
				LD_RUNPATH_SEARCH_PATHS = (
					"$(inherited)",
					"@executable_path/Frameworks",
				);
				PRODUCT_BUNDLE_IDENTIFIER = com.codepath.parsegram;
				PRODUCT_NAME = "$(TARGET_NAME)";
				SWIFT_VERSION = 4.2;
				TARGETED_DEVICE_FAMILY = "1,2";
			};
			name = Release;
		};
		BAF2DF3B225B0A5C006EF79C /* Debug */ = {
			isa = XCBuildConfiguration;
			baseConfigurationReference = 89002E3F3D638B3A0CEF1ABA /* Pods-parsegramTests.debug.xcconfig */;
			buildSettings = {
				ALWAYS_EMBED_SWIFT_STANDARD_LIBRARIES = YES;
				BUNDLE_LOADER = "$(TEST_HOST)";
				CODE_SIGN_STYLE = Automatic;
				INFOPLIST_FILE = parsegramTests/Info.plist;
				LD_RUNPATH_SEARCH_PATHS = (
					"$(inherited)",
					"@executable_path/Frameworks",
					"@loader_path/Frameworks",
				);
				PRODUCT_BUNDLE_IDENTIFIER = com.codepath.parsegramTests;
				PRODUCT_NAME = "$(TARGET_NAME)";
				SWIFT_VERSION = 4.2;
				TARGETED_DEVICE_FAMILY = "1,2";
				TEST_HOST = "$(BUILT_PRODUCTS_DIR)/parsegram.app/parsegram";
			};
			name = Debug;
		};
		BAF2DF3C225B0A5C006EF79C /* Release */ = {
			isa = XCBuildConfiguration;
			baseConfigurationReference = 92C864A53D89CE5D65DCB9D7 /* Pods-parsegramTests.release.xcconfig */;
			buildSettings = {
				ALWAYS_EMBED_SWIFT_STANDARD_LIBRARIES = YES;
				BUNDLE_LOADER = "$(TEST_HOST)";
				CODE_SIGN_STYLE = Automatic;
				INFOPLIST_FILE = parsegramTests/Info.plist;
				LD_RUNPATH_SEARCH_PATHS = (
					"$(inherited)",
					"@executable_path/Frameworks",
					"@loader_path/Frameworks",
				);
				PRODUCT_BUNDLE_IDENTIFIER = com.codepath.parsegramTests;
				PRODUCT_NAME = "$(TARGET_NAME)";
				SWIFT_VERSION = 4.2;
				TARGETED_DEVICE_FAMILY = "1,2";
				TEST_HOST = "$(BUILT_PRODUCTS_DIR)/parsegram.app/parsegram";
			};
			name = Release;
		};
		BAF2DF3E225B0A5C006EF79C /* Debug */ = {
			isa = XCBuildConfiguration;
			baseConfigurationReference = D50A302490177840D970F9E0 /* Pods-parsegramUITests.debug.xcconfig */;
			buildSettings = {
				ALWAYS_EMBED_SWIFT_STANDARD_LIBRARIES = YES;
				CODE_SIGN_STYLE = Automatic;
				INFOPLIST_FILE = parsegramUITests/Info.plist;
				LD_RUNPATH_SEARCH_PATHS = (
					"$(inherited)",
					"@executable_path/Frameworks",
					"@loader_path/Frameworks",
				);
				PRODUCT_BUNDLE_IDENTIFIER = com.codepath.parsegramUITests;
				PRODUCT_NAME = "$(TARGET_NAME)";
				SWIFT_VERSION = 4.2;
				TARGETED_DEVICE_FAMILY = "1,2";
				TEST_TARGET_NAME = parsegram;
			};
			name = Debug;
		};
		BAF2DF3F225B0A5C006EF79C /* Release */ = {
			isa = XCBuildConfiguration;
			baseConfigurationReference = 0C8049635FE58201055791A8 /* Pods-parsegramUITests.release.xcconfig */;
			buildSettings = {
				ALWAYS_EMBED_SWIFT_STANDARD_LIBRARIES = YES;
				CODE_SIGN_STYLE = Automatic;
				INFOPLIST_FILE = parsegramUITests/Info.plist;
				LD_RUNPATH_SEARCH_PATHS = (
					"$(inherited)",
					"@executable_path/Frameworks",
					"@loader_path/Frameworks",
				);
				PRODUCT_BUNDLE_IDENTIFIER = com.codepath.parsegramUITests;
				PRODUCT_NAME = "$(TARGET_NAME)";
				SWIFT_VERSION = 4.2;
				TARGETED_DEVICE_FAMILY = "1,2";
				TEST_TARGET_NAME = parsegram;
			};
			name = Release;
		};
/* End XCBuildConfiguration section */

/* Begin XCConfigurationList section */
		BAF2DF0A225B0A5A006EF79C /* Build configuration list for PBXProject "parsegram" */ = {
			isa = XCConfigurationList;
			buildConfigurations = (
				BAF2DF35225B0A5C006EF79C /* Debug */,
				BAF2DF36225B0A5C006EF79C /* Release */,
			);
			defaultConfigurationIsVisible = 0;
			defaultConfigurationName = Release;
		};
		BAF2DF37225B0A5C006EF79C /* Build configuration list for PBXNativeTarget "parsegram" */ = {
			isa = XCConfigurationList;
			buildConfigurations = (
				BAF2DF38225B0A5C006EF79C /* Debug */,
				BAF2DF39225B0A5C006EF79C /* Release */,
			);
			defaultConfigurationIsVisible = 0;
			defaultConfigurationName = Release;
		};
		BAF2DF3A225B0A5C006EF79C /* Build configuration list for PBXNativeTarget "parsegramTests" */ = {
			isa = XCConfigurationList;
			buildConfigurations = (
				BAF2DF3B225B0A5C006EF79C /* Debug */,
				BAF2DF3C225B0A5C006EF79C /* Release */,
			);
			defaultConfigurationIsVisible = 0;
			defaultConfigurationName = Release;
		};
		BAF2DF3D225B0A5C006EF79C /* Build configuration list for PBXNativeTarget "parsegramUITests" */ = {
			isa = XCConfigurationList;
			buildConfigurations = (
				BAF2DF3E225B0A5C006EF79C /* Debug */,
				BAF2DF3F225B0A5C006EF79C /* Release */,
			);
			defaultConfigurationIsVisible = 0;
			defaultConfigurationName = Release;
		};
/* End XCConfigurationList section */
	};
	rootObject = BAF2DF07225B0A5A006EF79C /* Project object */;
}
